
Microsoft Visual Studio Solution File, Format Version 12.00
# Visual Studio 15
VisualStudioVersion = 15.0.27004.2002
MinimumVisualStudioVersion = 10.0.40219.1
Project("{9A19103F-16F7-4668-BE54-9A1E7A4F7556}") = "ToDoListWeb", "WebApplication1\ToDoListWeb.csproj", "{8722EAEB-942C-4B1A-B2CB-8A2729F17C02}"
EndProject
Project("{9A19103F-16F7-4668-BE54-9A1E7A4F7556}") = "ToDoListTests", "UnitTestProject1\ToDoListTests.csproj", "{030A75B9-6775-4162-B0F1-91245FA7FC50}"
EndProject
Global
	GlobalSection(SolutionConfigurationPlatforms) = preSolution
		Debug|Any CPU = Debug|Any CPU
		Release|Any CPU = Release|Any CPU
	EndGlobalSection
	GlobalSection(ProjectConfigurationPlatforms) = postSolution
		{8722EAEB-942C-4B1A-B2CB-8A2729F17C02}.Debug|Any CPU.ActiveCfg = Debug|Any CPU
		{8722EAEB-942C-4B1A-B2CB-8A2729F17C02}.Debug|Any CPU.Build.0 = Debug|Any CPU
		{8722EAEB-942C-4B1A-B2CB-8A2729F17C02}.Release|Any CPU.ActiveCfg = Release|Any CPU
		{8722EAEB-942C-4B1A-B2CB-8A2729F17C02}.Release|Any CPU.Build.0 = Release|Any CPU
		{030A75B9-6775-4162-B0F1-91245FA7FC50}.Debug|Any CPU.ActiveCfg = Debug|Any CPU
		{030A75B9-6775-4162-B0F1-91245FA7FC50}.Debug|Any CPU.Build.0 = Debug|Any CPU
		{030A75B9-6775-4162-B0F1-91245FA7FC50}.Release|Any CPU.ActiveCfg = Release|Any CPU
		{030A75B9-6775-4162-B0F1-91245FA7FC50}.Release|Any CPU.Build.0 = Release|Any CPU
	EndGlobalSection
	GlobalSection(SolutionProperties) = preSolution
		HideSolutionNode = FALSE
	EndGlobalSection
	GlobalSection(ExtensibilityGlobals) = postSolution
		SolutionGuid = {08CC01DA-E7BA-438B-A42E-6B4E694E05BF}
	EndGlobalSection
EndGlobal
